{
  "version": 2,
  "dependencies": {
    "net10.0": {
      "Be.Vlaanderen.Basisregisters.NisCodeService.Abstractions": {
        "type": "Direct",
        "requested": "[7.0.0, )",
        "resolved": "7.0.0",
        "contentHash": "abWHsTfwy10IPbDcRNIWfDie2DpO6NBbsTH9ZKlUuL42pl9+zmfyjfAcQaJ47J+l5/mFGl4q/fLH8QjSlgSf6Q==",
        "dependencies": {
          "Microsoft.Extensions.DependencyInjection.Abstractions": "10.0.8",
          "Microsoft.Extensions.Logging.Abstractions": "10.0.8"
        }
      },
      "Duende.AspNetCore.Authentication.OAuth2Introspection": {
        "type": "Direct",
        "requested": "[7.0.1, )",
        "resolved": "7.0.1",
        "contentHash": "NToa5QWerEAaAYXaP3Xt6J7P2GxG43Y7RtY1VTAENJmnzg1c36UQpOevgKTNxmfDUPt2MuNZo/6GK319RQy73g==",
        "dependencies": {
          "Duende.IdentityModel": "8.0.1",
          "Microsoft.Extensions.Caching.Hybrid": "10.0.0"
        }
      },
      "Microsoft.AspNetCore.Authentication.JwtBearer": {
        "type": "Direct",
        "requested": "[10.0.11, )",
        "resolved": "10.0.11",
        "contentHash": "Dy9yElSej0rVQL8LBpCLatWTKXNH6h6VBVFmGndTCf1Wge0jSvH9U8mml6ddVDAQ089q1/fDYlhyukHSgx8unQ==",
        "dependencies": {
          "Microsoft.IdentityModel.Protocols.OpenIdConnect": "8.19.2"
        }
      },
      "Microsoft.Extensions.DependencyInjection": {
        "type": "Direct",
        "requested": "[10.0.11, )",
        "resolved": "10.0.11",
        "contentHash": "PSmotV19c7E3lKed++uYo1kSiXFI+uTl37CBSrhq+CfLC3FCHjG7R91+xPnNehQfHS1b0Tzo/CCLPWH3qaEheg==",
        "dependencies": {
          "Microsoft.Extensions.DependencyInjection.Abstractions": "10.0.11"
        }
      },
      "SourceLink.Copy.PdbFiles": {
        "type": "Direct",
        "requested": "[2.8.3, )",
        "resolved": "2.8.3",
        "contentHash": "cxlw1QHd/J7lOtSZ45VZMOsF/YSOlwZy0fCkauo9Ib9vOv+zGzjm9q3D8qGyMII0Zz1GSmli/oxhmUNuYUpc1g=="
      },
      "SourceLink.Embed.AllSourceFiles": {
        "type": "Direct",
        "requested": "[2.8.3, )",
        "resolved": "2.8.3",
        "contentHash": "Hv77AfKNDqSUH6MSGW1ZwKWFJ/CNKOe4FD6lpJGNYdSSQeEEsE2KyPlG1IgzA8+CJG8lDQV2vLS4OljHtHohsw=="
      },
      "Duende.IdentityModel": {
        "type": "Transitive",
        "resolved": "8.0.1",
        "contentHash": "P3bNPAiyYh15VuDZP/xE7Y8ohhQloiW2KdiBzzJh3m26sPQJ3Wuxj4ur6X+A9m0qhdwx2kLeh4so0a2nEslHmw=="
      },
      "Microsoft.AspNetCore.Metadata": {
        "type": "Transitive",
        "resolved": "10.0.11",
        "contentHash": "5J05BKRAA/nguynzZzTwo21tWYbYc6qCXR1liVnj3fCEEWkBPNVnj3HNdxir+ARIF+HrW/kINg7E7bS/e1lK/A=="
      },
      "Microsoft.Bcl.Cryptography": {
        "type": "Transitive",
        "resolved": "10.0.2",
        "contentHash": "LG9Yll3B5aNpxv0+D47g6LiOiKBIlodhcHdQwcYzo8VeexFLGqx5ymetmA2aBRyo9cCcWsQWrFsdbsr8LvmWDw=="
      },
      "Microsoft.Extensions.Caching.Abstractions": {
        "type": "Transitive",
        "resolved": "10.0.0",
        "contentHash": "Zcoy6H9mSoGyvr7UvlGokEZrlZkcPCICPZr8mCsSt9U/N8eeCwCXwKF5bShdA66R0obxBCwP4AxomQHvVkC/uA==",
        "dependencies": {
          "Microsoft.Extensions.Primitives": "10.0.0"
        }
      },
      "Microsoft.Extensions.Caching.Hybrid": {
        "type": "Transitive",
        "resolved": "10.0.0",
        "contentHash": "xvhmF2dlwC3e8KKSuWOjJkjQdKG80991CUqjDnqzV1Od0CgMqbDw49kGJ9RiGrp3nbLTYCSb3c+KYo6TcENYRw==",
        "dependencies": {
          "Microsoft.Extensions.Caching.Abstractions": "10.0.0",
          "Microsoft.Extensions.Caching.Memory": "10.0.0",
          "Microsoft.Extensions.Logging.Abstractions": "10.0.0",
          "Microsoft.Extensions.Options": "10.0.0"
        }
      },
      "Microsoft.Extensions.Caching.Memory": {
        "type": "Transitive",
        "resolved": "10.0.0",
        "contentHash": "krK19MKp0BNiR9rpBDW7PKSrTMLVlifS9am3CVc4O1Jq6GWz0o4F+sw5OSL4L3mVd56W8l6JRgghUa2KB51vOw==",
        "dependencies": {
          "Microsoft.Extensions.Caching.Abstractions": "10.0.0",
          "Microsoft.Extensions.DependencyInjection.Abstractions": "10.0.0",
          "Microsoft.Extensions.Logging.Abstractions": "10.0.0",
          "Microsoft.Extensions.Options": "10.0.0",
          "Microsoft.Extensions.Primitives": "10.0.0"
        }
      },
      "Microsoft.Extensions.Configuration": {
        "type": "Transitive",
        "resolved": "10.0.11",
        "contentHash": "wlhRqZW8LcJPa+vk2oLAc/REXDItHtkFQdf/QcXYGZbZOO13izcsKY1pCvuFQYwUiZD+hwSZwsKASjqT+BNaVg==",
        "dependencies": {
          "Microsoft.Extensions.Configuration.Abstractions": "10.0.11",
          "Microsoft.Extensions.Primitives": "10.0.11"
        }
      },
      "Microsoft.Extensions.Configuration.Abstractions": {
        "type": "Transitive",
        "resolved": "10.0.11",
        "contentHash": "fVi053xdpda9Em7vSkmgVxO/PtgC2m78ekReKWsgcyskqY0U82Bz/MONwxpGzI0hElYKJfw+fupqMVeKW3fSaA==",
        "dependencies": {
          "Microsoft.Extensions.Primitives": "10.0.11"
        }
      },
      "Microsoft.Extensions.Configuration.Binder": {
        "type": "Transitive",
        "resolved": "10.0.11",
        "contentHash": "rFn8RuszZn3qquPVkDytMUlPc2+rXl9MCoygwc1XmAgC5vg5/oXJ8hkOosOrLoBLsqdTy4lFwP6iQdPS9uSYOA==",
        "dependencies": {
          "Microsoft.Extensions.Configuration": "10.0.11",
          "Microsoft.Extensions.Configuration.Abstractions": "10.0.11"
        }
      },
      "Microsoft.Extensions.DependencyInjection.Abstractions": {
        "type": "Transitive",
        "resolved": "10.0.11",
        "contentHash": "/a1aJz4m7ylhEDf25ugQChLQoN5XwoGjWw/BoR/ZWWKsO1v4DdJElS1uyngahz4B/eOzjFk1KNTkarRLE5wsIg=="
      },
      "Microsoft.Extensions.Diagnostics": {
        "type": "Transitive",
        "resolved": "10.0.11",
        "contentHash": "HT70uGPxMLqqnOzKMcnQtDmeV4r0KHr4qVCLhP7SXil9jMEm8sQXwcybxVVFGXZJ1V44xV0mLqQ54aZbcR2OiQ==",
        "dependencies": {
          "Microsoft.Extensions.Configuration": "10.0.11",
          "Microsoft.Extensions.Diagnostics.Abstractions": "10.0.11",
          "Microsoft.Extensions.Options.ConfigurationExtensions": "10.0.11"
        }
      },
      "Microsoft.Extensions.Diagnostics.Abstractions": {
        "type": "Transitive",
        "resolved": "10.0.11",
        "contentHash": "se7Kx8QpJEt+nf26L4qIVAofGTDr1wbexxsh/Fm3Xc04xUkqUXK06KUS7FLwSQYSjqb7q9n+T7MEcXYBhI1Y5g==",
        "dependencies": {
          "Microsoft.Extensions.DependencyInjection.Abstractions": "10.0.11",
          "Microsoft.Extensions.Options": "10.0.11"
        }
      },
      "Microsoft.Extensions.Logging.Abstractions": {
        "type": "Transitive",
        "resolved": "10.0.11",
        "contentHash": "Ljd0Uxoq5XpScD2Bg0nM/r3mwx7Ao5Uq24eo2ARxbGvqJ7Zht6rt2cJtwVRH4Cv+1ZVMdXz6TB43KbpmsxRrvQ==",
        "dependencies": {
          "Microsoft.Extensions.DependencyInjection.Abstractions": "10.0.11"
        }
      },
      "Microsoft.Extensions.Options": {
        "type": "Transitive",
        "resolved": "10.0.11",
        "contentHash": "eY1GAKcTfD2maP27J84X9IovT3yjHJ2dVDzPmDg6/XqYvt3jMzJhtfQCLjG9pVsZGAd+8DQ2QrjaDcs2+VQLGw==",
        "dependencies": {
          "Microsoft.Extensions.DependencyInjection.Abstractions": "10.0.11",
          "Microsoft.Extensions.Primitives": "10.0.11"
        }
      },
      "Microsoft.Extensions.Options.ConfigurationExtensions": {
        "type": "Transitive",
        "resolved": "10.0.11",
        "contentHash": "syEhXQ/sEaSBFaqzlp9gDGHX/nk6gkQkh1sIUpBO1mlBj3Phu1rmb4ML1uCiyPW9N6Kxfxv3y5FGObC+bV01Qw==",
        "dependencies": {
          "Microsoft.Extensions.Configuration.Abstractions": "10.0.11",
          "Microsoft.Extensions.Configuration.Binder": "10.0.11",
          "Microsoft.Extensions.DependencyInjection.Abstractions": "10.0.11",
          "Microsoft.Extensions.Options": "10.0.11",
          "Microsoft.Extensions.Primitives": "10.0.11"
        }
      },
      "Microsoft.Extensions.Primitives": {
        "type": "Transitive",
        "resolved": "10.0.11",
        "contentHash": "SXcz+kF+4Oo9b1+55zntpJFYfwb1jw66ioxptyNOOTDc8g2FHnBFWjZpsWfCvZIhzr0x+4e2trVTs4OKwQfBtw=="
      },
      "Microsoft.IdentityModel.Abstractions": {
        "type": "Transitive",
        "resolved": "8.19.2",
        "contentHash": "HJbo/lnSfNHUfphPRT910poQc4T2/9+8svFLvzuaYHGAOJ2Tu+oEDqpX0BVP3BJ4OuUM1kylEKyaiX2fCAK3Cw=="
      },
      "Microsoft.IdentityModel.JsonWebTokens": {
        "type": "Transitive",
        "resolved": "8.19.2",
        "contentHash": "ui3fuBT4fs8kdKfBthI4NzLYIBIneEVS8UrL1JVBzAn80UiKmngBBi0BEByE7n/9c+EElcfFlCMFFTqpkBSLNA==",
        "dependencies": {
          "Microsoft.IdentityModel.Tokens": "8.19.2"
        }
      },
      "Microsoft.IdentityModel.Logging": {
        "type": "Transitive",
        "resolved": "8.19.2",
        "contentHash": "r5YLDIxGOnkVJHrqXv/iD1FM1CgGrQOdriXuvuWvTPmKbnGANhEysq9XKmN6IHjf2a+9bAGEpnoRBsAQlvJU5w==",
        "dependencies": {
          "Microsoft.IdentityModel.Abstractions": "8.19.2"
        }
      },
      "Microsoft.IdentityModel.Protocols": {
        "type": "Transitive",
        "resolved": "8.19.2",
        "contentHash": "sGxSsSrZXNmca6D+jHH2rVRyo2nNRd/g4H9CFbPmLLq0xgoH1U0orLWE5minfijw7+zq49tBs7txenbfAErRoQ==",
        "dependencies": {
          "Microsoft.IdentityModel.Tokens": "8.19.2"
        }
      },
      "Microsoft.IdentityModel.Protocols.OpenIdConnect": {
        "type": "Transitive",
        "resolved": "8.19.2",
        "contentHash": "1XOcyY36cVymzE3qKdzKaUEZ4Pzt7ZpSa14JZoPPK1NLFUkQDs85TCqpV6XDo0YjFXj6nVK00AfOHppjghjhtw==",
        "dependencies": {
          "Microsoft.IdentityModel.Protocols": "8.19.2",
          "System.IdentityModel.Tokens.Jwt": "8.19.2"
        }
      },
      "Microsoft.IdentityModel.Tokens": {
        "type": "Transitive",
        "resolved": "8.19.2",
        "contentHash": "GtPC1S02uH1gOO4fQ+zRysIicKmEXaYFP8PIkdJYXqMyruYhopre4ozVHp0XiDSA0+GJvOZH9prxCPvgBMg4Ww==",
        "dependencies": {
          "Microsoft.Bcl.Cryptography": "10.0.2",
          "Microsoft.Extensions.Logging.Abstractions": "8.0.0",
          "Microsoft.IdentityModel.Logging": "8.19.2"
        }
      },
      "System.IdentityModel.Tokens.Jwt": {
        "type": "Transitive",
        "resolved": "8.19.2",
        "contentHash": "gqhDC/icByKEutygpr+OFgAmjwTVowyzFjWB8K0q1ww8uFj5a1BQNL+QvijUl9uhq4p8OdDwcAIrjVC+eC9FVA==",
        "dependencies": {
          "Microsoft.IdentityModel.JsonWebTokens": "8.19.2",
          "Microsoft.IdentityModel.Tokens": "8.19.2"
        }
      },
      "be.vlaanderen.basisregisters.auth": {
        "type": "Project",
        "dependencies": {
          "Be.Vlaanderen.Basisregisters.NisCodeService.Abstractions": "[7.0.0, )",
          "Microsoft.AspNetCore.Authentication.JwtBearer": "[10.0.11, )",
          "Microsoft.AspNetCore.Authorization": "[10.0.11, )",
          "Microsoft.Extensions.DependencyInjection": "[10.0.11, )"
        }
      },
      "Microsoft.AspNetCore.Authorization": {
        "type": "CentralTransitive",
        "requested": "[10.0.11, )",
        "resolved": "10.0.11",
        "contentHash": "f4xzaXZSaMaXVtlIt/t3oVl8cHe61xAGSuXuduQ49TLglJPZ9vGUiOAdl1AbFbKXxnbRSURUzEYEplY/IhJVTg==",
        "dependencies": {
          "Microsoft.AspNetCore.Metadata": "10.0.11",
          "Microsoft.Extensions.Diagnostics": "10.0.11",
          "Microsoft.Extensions.Logging.Abstractions": "10.0.11",
          "Microsoft.Extensions.Options": "10.0.11"
        }
      }
    },
    "net10.0/linux-arm64": {},
    "net10.0/linux-x64": {},
    "net10.0/win-x64": {}
  }
}