{
  "version": 2,
  "dependencies": {
    "net9.0": {
      "Be.Vlaanderen.Basisregisters.NisCodeService.Abstractions": {
        "type": "Direct",
        "requested": "[6.0.0, )",
        "resolved": "6.0.0",
        "contentHash": "CJ5+X9IHCTFh6XsKvMd7DjjvRdBf/TAapz9V7P6Y0Jgn4guWFUbd+EnK7JMJAPyyCQOoRJxLo5bk6r3g9jQVGg==",
        "dependencies": {
          "Microsoft.Extensions.DependencyInjection.Abstractions": "9.0.3",
          "Microsoft.Extensions.Logging.Abstractions": "9.0.3"
        }
      },
      "IdentityModel.AspNetCore.OAuth2Introspection": {
        "type": "Direct",
        "requested": "[6.2.0, )",
        "resolved": "6.2.0",
        "contentHash": "1hRDOqWk5jdATfOIso5GsewS391ngZ8mSoLbfdEHv2vue8CV1tv6Xy/xmY8phENm6Bvg9U0twzkAz/alhiKD8g==",
        "dependencies": {
          "IdentityModel": "6.0.0"
        }
      },
      "Microsoft.AspNetCore.Authentication.JwtBearer": {
        "type": "Direct",
        "requested": "[9.0.16, )",
        "resolved": "9.0.16",
        "contentHash": "/AvOo4HZY3w1Th2EDzKd5qWBSi2rIREKUQnyEpxs758zG0eu8cCd9qdHuHjiRX1ngaAqasNWlXgf3AwbXtIrIw==",
        "dependencies": {
          "Microsoft.IdentityModel.Protocols.OpenIdConnect": "8.0.1"
        }
      },
      "Microsoft.Extensions.DependencyInjection": {
        "type": "Direct",
        "requested": "[9.0.16, )",
        "resolved": "9.0.16",
        "contentHash": "ehl4zyK3uUAPX+sQWIzlcavpfWJVb5vl468tI71x5BRzE1Q/1co9OLYmTdEQtVS8qd0GO7RQK/nz6lZha1+Stw==",
        "dependencies": {
          "Microsoft.Extensions.DependencyInjection.Abstractions": "9.0.16"
        }
      },
      "SourceLink.Copy.PdbFiles": {
        "type": "Direct",
        "requested": "[2.8.3, )",
        "resolved": "2.8.3",
        "contentHash": "cxlw1QHd/J7lOtSZ45VZMOsF/YSOlwZy0fCkauo9Ib9vOv+zGzjm9q3D8qGyMII0Zz1GSmli/oxhmUNuYUpc1g=="
      },
      "SourceLink.Embed.AllSourceFiles": {
        "type": "Direct",
        "requested": "[2.8.3, )",
        "resolved": "2.8.3",
        "contentHash": "Hv77AfKNDqSUH6MSGW1ZwKWFJ/CNKOe4FD6lpJGNYdSSQeEEsE2KyPlG1IgzA8+CJG8lDQV2vLS4OljHtHohsw=="
      },
      "IdentityModel": {
        "type": "Transitive",
        "resolved": "6.0.0",
        "contentHash": "eVHCR7a6m/dm5RFcBzE3qs/Jg5j9R5Rjpu8aTOv9e4AFvaQtBXb5ah7kmwU+YwA0ufRwz4wf1hnIvsD2hSnI4g=="
      },
      "Microsoft.AspNetCore.Metadata": {
        "type": "Transitive",
        "resolved": "9.0.16",
        "contentHash": "dXSqxxoWHYfypBiePpvoJ6qQEJJCvolNfw9GR0dZkr+JRtQHGA3pbkVnP+gBfPh6dqecQD4TSNl6H3XdIOyIwA=="
      },
      "Microsoft.Extensions.DependencyInjection.Abstractions": {
        "type": "Transitive",
        "resolved": "9.0.16",
        "contentHash": "nluyqL58OHcU2M1qFx2QXBa0miA4yUfQBX2J98hHKRrsigtVEJzQYPMDhwDeBaX4qyjI3f3rX+uOsP5lAwPJpg=="
      },
      "Microsoft.Extensions.Logging.Abstractions": {
        "type": "Transitive",
        "resolved": "9.0.16",
        "contentHash": "dxeqqtPo1y1HjOKehfGiFWALIVw2dj0pMsPW412ksvKE6k54ZBEQ7/9xAdVpE7Mh5BboJOV58PC7gdATmxKkSA==",
        "dependencies": {
          "Microsoft.Extensions.DependencyInjection.Abstractions": "9.0.16"
        }
      },
      "Microsoft.Extensions.Options": {
        "type": "Transitive",
        "resolved": "9.0.16",
        "contentHash": "y6d58Ua9dJYrEKfcWFoPnA/K8id/WEIpcvAhk5Iu7w3vIBTQNmHhurWKAYuesfuLaZhHEKOXueruRp4l0Y74Vw==",
        "dependencies": {
          "Microsoft.Extensions.DependencyInjection.Abstractions": "9.0.16",
          "Microsoft.Extensions.Primitives": "9.0.16"
        }
      },
      "Microsoft.Extensions.Primitives": {
        "type": "Transitive",
        "resolved": "9.0.16",
        "contentHash": "w5RE1MR0lnAElsRJaFd2POIXl/H62aBKmfX8ibYmRmbk0JB9V/9jR0VD5NxiP1ETWpnDAnPguTSe7fF/FdsHEQ=="
      },
      "Microsoft.IdentityModel.Abstractions": {
        "type": "Transitive",
        "resolved": "8.0.1",
        "contentHash": "OtlIWcyX01olfdevPKZdIPfBEvbcioDyBiE/Z2lHsopsMD7twcKtlN9kMevHmI5IIPhFpfwCIiR6qHQz1WHUIw=="
      },
      "Microsoft.IdentityModel.JsonWebTokens": {
        "type": "Transitive",
        "resolved": "8.0.1",
        "contentHash": "s6++gF9x0rQApQzOBbSyp4jUaAlwm+DroKfL8gdOHxs83k8SJfUXhuc46rDB3rNXBQ1MVRxqKUrqFhO/M0E97g==",
        "dependencies": {
          "Microsoft.IdentityModel.Tokens": "8.0.1"
        }
      },
      "Microsoft.IdentityModel.Logging": {
        "type": "Transitive",
        "resolved": "8.0.1",
        "contentHash": "UCPF2exZqBXe7v/6sGNiM6zCQOUXXQ9+v5VTb9gPB8ZSUPnX53BxlN78v2jsbIvK9Dq4GovQxo23x8JgWvm/Qg==",
        "dependencies": {
          "Microsoft.IdentityModel.Abstractions": "8.0.1"
        }
      },
      "Microsoft.IdentityModel.Protocols": {
        "type": "Transitive",
        "resolved": "8.0.1",
        "contentHash": "uA2vpKqU3I2mBBEaeJAWPTjT9v1TZrGWKdgK6G5qJd03CLx83kdiqO9cmiK8/n1erkHzFBwU/RphP83aAe3i3g==",
        "dependencies": {
          "Microsoft.IdentityModel.Tokens": "8.0.1"
        }
      },
      "Microsoft.IdentityModel.Protocols.OpenIdConnect": {
        "type": "Transitive",
        "resolved": "8.0.1",
        "contentHash": "AQDbfpL+yzuuGhO/mQhKNsp44pm5Jv8/BI4KiFXR7beVGZoSH35zMV3PrmcfvSTsyI6qrcR898NzUauD6SRigg==",
        "dependencies": {
          "Microsoft.IdentityModel.Protocols": "8.0.1",
          "System.IdentityModel.Tokens.Jwt": "8.0.1"
        }
      },
      "Microsoft.IdentityModel.Tokens": {
        "type": "Transitive",
        "resolved": "8.0.1",
        "contentHash": "kDimB6Dkd3nkW2oZPDkMkVHfQt3IDqO5gL0oa8WVy3OP4uE8Ij+8TXnqg9TOd9ufjsY3IDiGz7pCUbnfL18tjg==",
        "dependencies": {
          "Microsoft.IdentityModel.Logging": "8.0.1"
        }
      },
      "System.IdentityModel.Tokens.Jwt": {
        "type": "Transitive",
        "resolved": "8.0.1",
        "contentHash": "GJw3bYkWpOgvN3tJo5X4lYUeIFA2HD293FPUhKmp7qxS+g5ywAb34Dnd3cDAFLkcMohy5XTpoaZ4uAHuw0uSPQ==",
        "dependencies": {
          "Microsoft.IdentityModel.JsonWebTokens": "8.0.1",
          "Microsoft.IdentityModel.Tokens": "8.0.1"
        }
      },
      "be.vlaanderen.basisregisters.auth": {
        "type": "Project",
        "dependencies": {
          "Be.Vlaanderen.Basisregisters.NisCodeService.Abstractions": "[6.0.0, )",
          "Microsoft.AspNetCore.Authentication.JwtBearer": "[9.0.16, )",
          "Microsoft.AspNetCore.Authorization": "[9.0.16, )",
          "Microsoft.Extensions.DependencyInjection": "[9.0.16, )"
        }
      },
      "Microsoft.AspNetCore.Authorization": {
        "type": "CentralTransitive",
        "requested": "[9.0.16, )",
        "resolved": "9.0.16",
        "contentHash": "oGM+Oj/KcXw3r7KA5STvERPAjmyA7MYdFfIbr2PQksSH6j++pSL3x1SZSmlnUfO29pn8/s8espCmOvPhsr7rBQ==",
        "dependencies": {
          "Microsoft.AspNetCore.Metadata": "9.0.16",
          "Microsoft.Extensions.Logging.Abstractions": "9.0.16",
          "Microsoft.Extensions.Options": "9.0.16"
        }
      }
    },
    "net9.0/linux-arm64": {},
    "net9.0/linux-x64": {},
    "net9.0/win-x64": {}
  }
}